
Microsoft Visual Studio Solution File, Format Version 12.00
# Visual Studio 15
VisualStudioVersion = 15.0.28010.2036
MinimumVisualStudioVersion = 10.0.40219.1
Project("{FAE04EC0-301F-11D3-BF4B-00C04F79EFBC}") = "TSP_App.Android", "TSP_App\TSP_App.Android\TSP_App.Android.csproj", "{4F1D929A-1924-456C-B21E-81808B42C74B}"
EndProject
Project("{FAE04EC0-301F-11D3-BF4B-00C04F79EFBC}") = "TSP_App.iOS", "TSP_App\TSP_App.iOS\TSP_App.iOS.csproj", "{EE07FEE2-C7BB-4936-9EF2-FCEADA540382}"
EndProject
Project("{FAE04EC0-301F-11D3-BF4B-00C04F79EFBC}") = "TSP_App.UWP", "TSP_App\TSP_App.UWP\TSP_App.UWP.csproj", "{D7BDF17F-5543-42EC-82FF-CCA1D9A1219E}"
EndProject
Project("{9A19103F-16F7-4668-BE54-9A1E7A4F7556}") = "TSP_App", "TSP_App\TSP_App\TSP_App.csproj", "{5C3941E5-95CE-42E9-A6C4-EC27D87D8B94}"
EndProject
Project("{FAE04EC0-301F-11D3-BF4B-00C04F79EFBC}") = "MapsForgeBinding", "MapsForgeBinding\MapsForgeBinding.csproj", "{B4F32A7D-D6F0-4943-AFA0-A2C22C1BD86F}"
EndProject
Global
	GlobalSection(SolutionConfigurationPlatforms) = preSolution
		Debug|Any CPU = Debug|Any CPU
		Debug|ARM = Debug|ARM
		Debug|iPhone = Debug|iPhone
		Debug|iPhoneSimulator = Debug|iPhoneSimulator
		Debug|x64 = Debug|x64
		Debug|x86 = Debug|x86
		Release|Any CPU = Release|Any CPU
		Release|ARM = Release|ARM
		Release|iPhone = Release|iPhone
		Release|iPhoneSimulator = Release|iPhoneSimulator
		Release|x64 = Release|x64
		Release|x86 = Release|x86
	EndGlobalSection
	GlobalSection(ProjectConfigurationPlatforms) = postSolution
		{4F1D929A-1924-456C-B21E-81808B42C74B}.Debug|Any CPU.ActiveCfg = Debug|Any CPU
		{4F1D929A-1924-456C-B21E-81808B42C74B}.Debug|Any CPU.Build.0 = Debug|Any CPU
		{4F1D929A-1924-456C-B21E-81808B42C74B}.Debug|Any CPU.Deploy.0 = Debug|Any CPU
		{4F1D929A-1924-456C-B21E-81808B42C74B}.Debug|ARM.ActiveCfg = Debug|Any CPU
		{4F1D929A-1924-456C-B21E-81808B42C74B}.Debug|ARM.Build.0 = Debug|Any CPU
		{4F1D929A-1924-456C-B21E-81808B42C74B}.Debug|ARM.Deploy.0 = Debug|Any CPU
		{4F1D929A-1924-456C-B21E-81808B42C74B}.Debug|iPhone.ActiveCfg = Debug|Any CPU
		{4F1D929A-1924-456C-B21E-81808B42C74B}.Debug|iPhone.Build.0 = Debug|Any CPU
		{4F1D929A-1924-456C-B21E-81808B42C74B}.Debug|iPhone.Deploy.0 = Debug|Any CPU
		{4F1D929A-1924-456C-B21E-81808B42C74B}.Debug|iPhoneSimulator.ActiveCfg = Debug|Any CPU
		{4F1D929A-1924-456C-B21E-81808B42C74B}.Debug|iPhoneSimulator.Build.0 = Debug|Any CPU
		{4F1D929A-1924-456C-B21E-81808B42C74B}.Debug|iPhoneSimulator.Deploy.0 = Debug|Any CPU
		{4F1D929A-1924-456C-B21E-81808B42C74B}.Debug|x64.ActiveCfg = Debug|Any CPU
		{4F1D929A-1924-456C-B21E-81808B42C74B}.Debug|x64.Build.0 = Debug|Any CPU
		{4F1D929A-1924-456C-B21E-81808B42C74B}.Debug|x64.Deploy.0 = Debug|Any CPU
		{4F1D929A-1924-456C-B21E-81808B42C74B}.Debug|x86.ActiveCfg = Debug|Any CPU
		{4F1D929A-1924-456C-B21E-81808B42C74B}.Debug|x86.Build.0 = Debug|Any CPU
		{4F1D929A-1924-456C-B21E-81808B42C74B}.Debug|x86.Deploy.0 = Debug|Any CPU
		{4F1D929A-1924-456C-B21E-81808B42C74B}.Release|Any CPU.ActiveCfg = Release|Any CPU
		{4F1D929A-1924-456C-B21E-81808B42C74B}.Release|Any CPU.Build.0 = Release|Any CPU
		{4F1D929A-1924-456C-B21E-81808B42C74B}.Release|Any CPU.Deploy.0 = Release|Any CPU
		{4F1D929A-1924-456C-B21E-81808B42C74B}.Release|ARM.ActiveCfg = Release|Any CPU
		{4F1D929A-1924-456C-B21E-81808B42C74B}.Release|ARM.Build.0 = Release|Any CPU
		{4F1D929A-1924-456C-B21E-81808B42C74B}.Release|ARM.Deploy.0 = Release|Any CPU
		{4F1D929A-1924-456C-B21E-81808B42C74B}.Release|iPhone.ActiveCfg = Release|Any CPU
		{4F1D929A-1924-456C-B21E-81808B42C74B}.Release|iPhone.Build.0 = Release|Any CPU
		{4F1D929A-1924-456C-B21E-81808B42C74B}.Release|iPhone.Deploy.0 = Release|Any CPU
		{4F1D929A-1924-456C-B21E-81808B42C74B}.Release|iPhoneSimulator.ActiveCfg = Release|Any CPU
		{4F1D929A-1924-456C-B21E-81808B42C74B}.Release|iPhoneSimulator.Build.0 = Release|Any CPU
		{4F1D929A-1924-456C-B21E-81808B42C74B}.Release|iPhoneSimulator.Deploy.0 = Release|Any CPU
		{4F1D929A-1924-456C-B21E-81808B42C74B}.Release|x64.ActiveCfg = Release|Any CPU
		{4F1D929A-1924-456C-B21E-81808B42C74B}.Release|x64.Build.0 = Release|Any CPU
		{4F1D929A-1924-456C-B21E-81808B42C74B}.Release|x64.Deploy.0 = Release|Any CPU
		{4F1D929A-1924-456C-B21E-81808B42C74B}.Release|x86.ActiveCfg = Release|Any CPU
		{4F1D929A-1924-456C-B21E-81808B42C74B}.Release|x86.Build.0 = Release|Any CPU
		{4F1D929A-1924-456C-B21E-81808B42C74B}.Release|x86.Deploy.0 = Release|Any CPU
		{EE07FEE2-C7BB-4936-9EF2-FCEADA540382}.Debug|Any CPU.ActiveCfg = Debug|iPhoneSimulator
		{EE07FEE2-C7BB-4936-9EF2-FCEADA540382}.Debug|Any CPU.Build.0 = Debug|iPhoneSimulator
		{EE07FEE2-C7BB-4936-9EF2-FCEADA540382}.Debug|Any CPU.Deploy.0 = Debug|iPhoneSimulator
		{EE07FEE2-C7BB-4936-9EF2-FCEADA540382}.Debug|ARM.ActiveCfg = Debug|iPhone
		{EE07FEE2-C7BB-4936-9EF2-FCEADA540382}.Debug|ARM.Build.0 = Debug|iPhone
		{EE07FEE2-C7BB-4936-9EF2-FCEADA540382}.Debug|ARM.Deploy.0 = Debug|iPhone
		{EE07FEE2-C7BB-4936-9EF2-FCEADA540382}.Debug|iPhone.ActiveCfg = Debug|iPhone
		{EE07FEE2-C7BB-4936-9EF2-FCEADA540382}.Debug|iPhone.Build.0 = Debug|iPhone
		{EE07FEE2-C7BB-4936-9EF2-FCEADA540382}.Debug|iPhone.Deploy.0 = Debug|iPhone
		{EE07FEE2-C7BB-4936-9EF2-FCEADA540382}.Debug|iPhoneSimulator.ActiveCfg = Debug|iPhoneSimulator
		{EE07FEE2-C7BB-4936-9EF2-FCEADA540382}.Debug|iPhoneSimulator.Build.0 = Debug|iPhoneSimulator
		{EE07FEE2-C7BB-4936-9EF2-FCEADA540382}.Debug|iPhoneSimulator.Deploy.0 = Debug|iPhoneSimulator
		{EE07FEE2-C7BB-4936-9EF2-FCEADA540382}.Debug|x64.ActiveCfg = Debug|iPhone
		{EE07FEE2-C7BB-4936-9EF2-FCEADA540382}.Debug|x64.Build.0 = Debug|iPhone
		{EE07FEE2-C7BB-4936-9EF2-FCEADA540382}.Debug|x64.Deploy.0 = Debug|iPhone
		{EE07FEE2-C7BB-4936-9EF2-FCEADA540382}.Debug|x86.ActiveCfg = Debug|iPhone
		{EE07FEE2-C7BB-4936-9EF2-FCEADA540382}.Debug|x86.Build.0 = Debug|iPhone
		{EE07FEE2-C7BB-4936-9EF2-FCEADA540382}.Debug|x86.Deploy.0 = Debug|iPhone
		{EE07FEE2-C7BB-4936-9EF2-FCEADA540382}.Release|Any CPU.ActiveCfg = Release|iPhone
		{EE07FEE2-C7BB-4936-9EF2-FCEADA540382}.Release|Any CPU.Build.0 = Release|iPhone
		{EE07FEE2-C7BB-4936-9EF2-FCEADA540382}.Release|Any CPU.Deploy.0 = Release|iPhone
		{EE07FEE2-C7BB-4936-9EF2-FCEADA540382}.Release|ARM.ActiveCfg = Release|iPhone
		{EE07FEE2-C7BB-4936-9EF2-FCEADA540382}.Release|ARM.Build.0 = Release|iPhone
		{EE07FEE2-C7BB-4936-9EF2-FCEADA540382}.Release|ARM.Deploy.0 = Release|iPhone
		{EE07FEE2-C7BB-4936-9EF2-FCEADA540382}.Release|iPhone.ActiveCfg = Release|iPhone
		{EE07FEE2-C7BB-4936-9EF2-FCEADA540382}.Release|iPhone.Build.0 = Release|iPhone
		{EE07FEE2-C7BB-4936-9EF2-FCEADA540382}.Release|iPhone.Deploy.0 = Release|iPhone
		{EE07FEE2-C7BB-4936-9EF2-FCEADA540382}.Release|iPhoneSimulator.ActiveCfg = Release|iPhoneSimulator
		{EE07FEE2-C7BB-4936-9EF2-FCEADA540382}.Release|iPhoneSimulator.Build.0 = Release|iPhoneSimulator
		{EE07FEE2-C7BB-4936-9EF2-FCEADA540382}.Release|iPhoneSimulator.Deploy.0 = Release|iPhoneSimulator
		{EE07FEE2-C7BB-4936-9EF2-FCEADA540382}.Release|x64.ActiveCfg = Release|iPhone
		{EE07FEE2-C7BB-4936-9EF2-FCEADA540382}.Release|x64.Build.0 = Release|iPhone
		{EE07FEE2-C7BB-4936-9EF2-FCEADA540382}.Release|x64.Deploy.0 = Release|iPhone
		{EE07FEE2-C7BB-4936-9EF2-FCEADA540382}.Release|x86.ActiveCfg = Release|iPhone
		{EE07FEE2-C7BB-4936-9EF2-FCEADA540382}.Release|x86.Build.0 = Release|iPhone
		{EE07FEE2-C7BB-4936-9EF2-FCEADA540382}.Release|x86.Deploy.0 = Release|iPhone
		{D7BDF17F-5543-42EC-82FF-CCA1D9A1219E}.Debug|Any CPU.ActiveCfg = Debug|x86
		{D7BDF17F-5543-42EC-82FF-CCA1D9A1219E}.Debug|Any CPU.Build.0 = Debug|x86
		{D7BDF17F-5543-42EC-82FF-CCA1D9A1219E}.Debug|Any CPU.Deploy.0 = Debug|x86
		{D7BDF17F-5543-42EC-82FF-CCA1D9A1219E}.Debug|ARM.ActiveCfg = Debug|ARM
		{D7BDF17F-5543-42EC-82FF-CCA1D9A1219E}.Debug|ARM.Build.0 = Debug|ARM
		{D7BDF17F-5543-42EC-82FF-CCA1D9A1219E}.Debug|ARM.Deploy.0 = Debug|ARM
		{D7BDF17F-5543-42EC-82FF-CCA1D9A1219E}.Debug|iPhone.ActiveCfg = Debug|x86
		{D7BDF17F-5543-42EC-82FF-CCA1D9A1219E}.Debug|iPhone.Build.0 = Debug|x86
		{D7BDF17F-5543-42EC-82FF-CCA1D9A1219E}.Debug|iPhone.Deploy.0 = Debug|x86
		{D7BDF17F-5543-42EC-82FF-CCA1D9A1219E}.Debug|iPhoneSimulator.ActiveCfg = Debug|x86
		{D7BDF17F-5543-42EC-82FF-CCA1D9A1219E}.Debug|iPhoneSimulator.Build.0 = Debug|x86
		{D7BDF17F-5543-42EC-82FF-CCA1D9A1219E}.Debug|iPhoneSimulator.Deploy.0 = Debug|x86
		{D7BDF17F-5543-42EC-82FF-CCA1D9A1219E}.Debug|x64.ActiveCfg = Debug|x64
		{D7BDF17F-5543-42EC-82FF-CCA1D9A1219E}.Debug|x64.Build.0 = Debug|x64
		{D7BDF17F-5543-42EC-82FF-CCA1D9A1219E}.Debug|x64.Deploy.0 = Debug|x64
		{D7BDF17F-5543-42EC-82FF-CCA1D9A1219E}.Debug|x86.ActiveCfg = Debug|x86
		{D7BDF17F-5543-42EC-82FF-CCA1D9A1219E}.Debug|x86.Build.0 = Debug|x86
		{D7BDF17F-5543-42EC-82FF-CCA1D9A1219E}.Debug|x86.Deploy.0 = Debug|x86
		{D7BDF17F-5543-42EC-82FF-CCA1D9A1219E}.Release|Any CPU.ActiveCfg = Release|x86
		{D7BDF17F-5543-42EC-82FF-CCA1D9A1219E}.Release|Any CPU.Build.0 = Release|x86
		{D7BDF17F-5543-42EC-82FF-CCA1D9A1219E}.Release|Any CPU.Deploy.0 = Release|x86
		{D7BDF17F-5543-42EC-82FF-CCA1D9A1219E}.Release|ARM.ActiveCfg = Release|ARM
		{D7BDF17F-5543-42EC-82FF-CCA1D9A1219E}.Release|ARM.Build.0 = Release|ARM
		{D7BDF17F-5543-42EC-82FF-CCA1D9A1219E}.Release|ARM.Deploy.0 = Release|ARM
		{D7BDF17F-5543-42EC-82FF-CCA1D9A1219E}.Release|iPhone.ActiveCfg = Release|x86
		{D7BDF17F-5543-42EC-82FF-CCA1D9A1219E}.Release|iPhone.Build.0 = Release|x86
		{D7BDF17F-5543-42EC-82FF-CCA1D9A1219E}.Release|iPhone.Deploy.0 = Release|x86
		{D7BDF17F-5543-42EC-82FF-CCA1D9A1219E}.Release|iPhoneSimulator.ActiveCfg = Release|x86
		{D7BDF17F-5543-42EC-82FF-CCA1D9A1219E}.Release|iPhoneSimulator.Build.0 = Release|x86
		{D7BDF17F-5543-42EC-82FF-CCA1D9A1219E}.Release|iPhoneSimulator.Deploy.0 = Release|x86
		{D7BDF17F-5543-42EC-82FF-CCA1D9A1219E}.Release|x64.ActiveCfg = Release|x64
		{D7BDF17F-5543-42EC-82FF-CCA1D9A1219E}.Release|x64.Build.0 = Release|x64
		{D7BDF17F-5543-42EC-82FF-CCA1D9A1219E}.Release|x64.Deploy.0 = Release|x64
		{D7BDF17F-5543-42EC-82FF-CCA1D9A1219E}.Release|x86.ActiveCfg = Release|x86
		{D7BDF17F-5543-42EC-82FF-CCA1D9A1219E}.Release|x86.Build.0 = Release|x86
		{D7BDF17F-5543-42EC-82FF-CCA1D9A1219E}.Release|x86.Deploy.0 = Release|x86
		{5C3941E5-95CE-42E9-A6C4-EC27D87D8B94}.Debug|Any CPU.ActiveCfg = Debug|Any CPU
		{5C3941E5-95CE-42E9-A6C4-EC27D87D8B94}.Debug|Any CPU.Build.0 = Debug|Any CPU
		{5C3941E5-95CE-42E9-A6C4-EC27D87D8B94}.Debug|Any CPU.Deploy.0 = Debug|Any CPU
		{5C3941E5-95CE-42E9-A6C4-EC27D87D8B94}.Debug|ARM.ActiveCfg = Debug|Any CPU
		{5C3941E5-95CE-42E9-A6C4-EC27D87D8B94}.Debug|ARM.Build.0 = Debug|Any CPU
		{5C3941E5-95CE-42E9-A6C4-EC27D87D8B94}.Debug|ARM.Deploy.0 = Debug|Any CPU
		{5C3941E5-95CE-42E9-A6C4-EC27D87D8B94}.Debug|iPhone.ActiveCfg = Debug|Any CPU
		{5C3941E5-95CE-42E9-A6C4-EC27D87D8B94}.Debug|iPhone.Build.0 = Debug|Any CPU
		{5C3941E5-95CE-42E9-A6C4-EC27D87D8B94}.Debug|iPhone.Deploy.0 = Debug|Any CPU
		{5C3941E5-95CE-42E9-A6C4-EC27D87D8B94}.Debug|iPhoneSimulator.ActiveCfg = Debug|Any CPU
		{5C3941E5-95CE-42E9-A6C4-EC27D87D8B94}.Debug|iPhoneSimulator.Build.0 = Debug|Any CPU
		{5C3941E5-95CE-42E9-A6C4-EC27D87D8B94}.Debug|iPhoneSimulator.Deploy.0 = Debug|Any CPU
		{5C3941E5-95CE-42E9-A6C4-EC27D87D8B94}.Debug|x64.ActiveCfg = Debug|Any CPU
		{5C3941E5-95CE-42E9-A6C4-EC27D87D8B94}.Debug|x64.Build.0 = Debug|Any CPU
		{5C3941E5-95CE-42E9-A6C4-EC27D87D8B94}.Debug|x64.Deploy.0 = Debug|Any CPU
		{5C3941E5-95CE-42E9-A6C4-EC27D87D8B94}.Debug|x86.ActiveCfg = Debug|Any CPU
		{5C3941E5-95CE-42E9-A6C4-EC27D87D8B94}.Debug|x86.Build.0 = Debug|Any CPU
		{5C3941E5-95CE-42E9-A6C4-EC27D87D8B94}.Debug|x86.Deploy.0 = Debug|Any CPU
		{5C3941E5-95CE-42E9-A6C4-EC27D87D8B94}.Release|Any CPU.ActiveCfg = Release|Any CPU
		{5C3941E5-95CE-42E9-A6C4-EC27D87D8B94}.Release|Any CPU.Build.0 = Release|Any CPU
		{5C3941E5-95CE-42E9-A6C4-EC27D87D8B94}.Release|Any CPU.Deploy.0 = Release|Any CPU
		{5C3941E5-95CE-42E9-A6C4-EC27D87D8B94}.Release|ARM.ActiveCfg = Release|Any CPU
		{5C3941E5-95CE-42E9-A6C4-EC27D87D8B94}.Release|ARM.Build.0 = Release|Any CPU
		{5C3941E5-95CE-42E9-A6C4-EC27D87D8B94}.Release|ARM.Deploy.0 = Release|Any CPU
		{5C3941E5-95CE-42E9-A6C4-EC27D87D8B94}.Release|iPhone.ActiveCfg = Release|Any CPU
		{5C3941E5-95CE-42E9-A6C4-EC27D87D8B94}.Release|iPhone.Build.0 = Release|Any CPU
		{5C3941E5-95CE-42E9-A6C4-EC27D87D8B94}.Release|iPhone.Deploy.0 = Release|Any CPU
		{5C3941E5-95CE-42E9-A6C4-EC27D87D8B94}.Release|iPhoneSimulator.ActiveCfg = Release|Any CPU
		{5C3941E5-95CE-42E9-A6C4-EC27D87D8B94}.Release|iPhoneSimulator.Build.0 = Release|Any CPU
		{5C3941E5-95CE-42E9-A6C4-EC27D87D8B94}.Release|iPhoneSimulator.Deploy.0 = Release|Any CPU
		{5C3941E5-95CE-42E9-A6C4-EC27D87D8B94}.Release|x64.ActiveCfg = Release|Any CPU
		{5C3941E5-95CE-42E9-A6C4-EC27D87D8B94}.Release|x64.Build.0 = Release|Any CPU
		{5C3941E5-95CE-42E9-A6C4-EC27D87D8B94}.Release|x64.Deploy.0 = Release|Any CPU
		{5C3941E5-95CE-42E9-A6C4-EC27D87D8B94}.Release|x86.ActiveCfg = Release|Any CPU
		{5C3941E5-95CE-42E9-A6C4-EC27D87D8B94}.Release|x86.Build.0 = Release|Any CPU
		{5C3941E5-95CE-42E9-A6C4-EC27D87D8B94}.Release|x86.Deploy.0 = Release|Any CPU
		{B4F32A7D-D6F0-4943-AFA0-A2C22C1BD86F}.Debug|Any CPU.ActiveCfg = Debug|Any CPU
		{B4F32A7D-D6F0-4943-AFA0-A2C22C1BD86F}.Debug|Any CPU.Build.0 = Debug|Any CPU
		{B4F32A7D-D6F0-4943-AFA0-A2C22C1BD86F}.Debug|ARM.ActiveCfg = Debug|Any CPU
		{B4F32A7D-D6F0-4943-AFA0-A2C22C1BD86F}.Debug|ARM.Build.0 = Debug|Any CPU
		{B4F32A7D-D6F0-4943-AFA0-A2C22C1BD86F}.Debug|iPhone.ActiveCfg = Debug|Any CPU
		{B4F32A7D-D6F0-4943-AFA0-A2C22C1BD86F}.Debug|iPhone.Build.0 = Debug|Any CPU
		{B4F32A7D-D6F0-4943-AFA0-A2C22C1BD86F}.Debug|iPhoneSimulator.ActiveCfg = Debug|Any CPU
		{B4F32A7D-D6F0-4943-AFA0-A2C22C1BD86F}.Debug|iPhoneSimulator.Build.0 = Debug|Any CPU
		{B4F32A7D-D6F0-4943-AFA0-A2C22C1BD86F}.Debug|x64.ActiveCfg = Debug|Any CPU
		{B4F32A7D-D6F0-4943-AFA0-A2C22C1BD86F}.Debug|x64.Build.0 = Debug|Any CPU
		{B4F32A7D-D6F0-4943-AFA0-A2C22C1BD86F}.Debug|x86.ActiveCfg = Debug|Any CPU
		{B4F32A7D-D6F0-4943-AFA0-A2C22C1BD86F}.Debug|x86.Build.0 = Debug|Any CPU
		{B4F32A7D-D6F0-4943-AFA0-A2C22C1BD86F}.Release|Any CPU.ActiveCfg = Release|Any CPU
		{B4F32A7D-D6F0-4943-AFA0-A2C22C1BD86F}.Release|Any CPU.Build.0 = Release|Any CPU
		{B4F32A7D-D6F0-4943-AFA0-A2C22C1BD86F}.Release|ARM.ActiveCfg = Release|Any CPU
		{B4F32A7D-D6F0-4943-AFA0-A2C22C1BD86F}.Release|ARM.Build.0 = Release|Any CPU
		{B4F32A7D-D6F0-4943-AFA0-A2C22C1BD86F}.Release|iPhone.ActiveCfg = Release|Any CPU
		{B4F32A7D-D6F0-4943-AFA0-A2C22C1BD86F}.Release|iPhone.Build.0 = Release|Any CPU
		{B4F32A7D-D6F0-4943-AFA0-A2C22C1BD86F}.Release|iPhoneSimulator.ActiveCfg = Release|Any CPU
		{B4F32A7D-D6F0-4943-AFA0-A2C22C1BD86F}.Release|iPhoneSimulator.Build.0 = Release|Any CPU
		{B4F32A7D-D6F0-4943-AFA0-A2C22C1BD86F}.Release|x64.ActiveCfg = Release|Any CPU
		{B4F32A7D-D6F0-4943-AFA0-A2C22C1BD86F}.Release|x64.Build.0 = Release|Any CPU
		{B4F32A7D-D6F0-4943-AFA0-A2C22C1BD86F}.Release|x86.ActiveCfg = Release|Any CPU
		{B4F32A7D-D6F0-4943-AFA0-A2C22C1BD86F}.Release|x86.Build.0 = Release|Any CPU
	EndGlobalSection
	GlobalSection(SolutionProperties) = preSolution
		HideSolutionNode = FALSE
	EndGlobalSection
	GlobalSection(ExtensibilityGlobals) = postSolution
		SolutionGuid = {3CF482EC-FE42-4FA7-97AA-EC7E89F8D3B6}
	EndGlobalSection
EndGlobal
